// !$*UTF8*$!
{
	archiveVersion = 1;
	classes = {
	};
	objectVersion = 50;
	objects = {

/* Begin PBXBuildFile section */
		2EA18A2824ADB65300BFF2AD /* AppDelegate.swift in Sources */ = {isa = PBXBuildFile; fileRef = 2EA18A2724ADB65300BFF2AD /* AppDelegate.swift */; };
		2EA18A2A24ADB65300BFF2AD /* SceneDelegate.swift in Sources */ = {isa = PBXBuildFile; fileRef = 2EA18A2924ADB65300BFF2AD /* SceneDelegate.swift */; };
		2EA18A2C24ADB65300BFF2AD /* ViewController.swift in Sources */ = {isa = PBXBuildFile; fileRef = 2EA18A2B24ADB65300BFF2AD /* ViewController.swift */; };
		2EA18A2F24ADB65300BFF2AD /* Main.storyboard in Resources */ = {isa = PBXBuildFile; fileRef = 2EA18A2D24ADB65300BFF2AD /* Main.storyboard */; };
		2EA18A3124ADB65400BFF2AD /* Assets.xcassets in Resources */ = {isa = PBXBuildFile; fileRef = 2EA18A3024ADB65400BFF2AD /* Assets.xcassets */; };
		2EA18A3424ADB65400BFF2AD /* LaunchScreen.storyboard in Resources */ = {isa = PBXBuildFile; fileRef = 2EA18A3224ADB65400BFF2AD /* LaunchScreen.storyboard */; };
		98CCFB16E9F760FC017E5772 /* Pods_TableviewSample.framework in Frameworks */ = {isa = PBXBuildFile; fileRef = A53B9A9C0AE0E26A3F6D6102 /* Pods_TableviewSample.framework */; };
/* End PBXBuildFile section */

/* Begin PBXFileReference section */
		2EA18A2424ADB65300BFF2AD /* TableviewSample.app */ = {isa = PBXFileReference; explicitFileType = wrapper.application; includeInIndex = 0; path = TableviewSample.app; sourceTree = BUILT_PRODUCTS_DIR; };
		2EA18A2724ADB65300BFF2AD /* AppDelegate.swift */ = {isa = PBXFileReference; lastKnownFileType = sourcecode.swift; path = AppDelegate.swift; sourceTree = "<group>"; };
		2EA18A2924ADB65300BFF2AD /* SceneDelegate.swift */ = {isa = PBXFileReference; lastKnownFileType = sourcecode.swift; path = SceneDelegate.swift; sourceTree = "<group>"; };
		2EA18A2B24ADB65300BFF2AD /* ViewController.swift */ = {isa = PBXFileReference; lastKnownFileType = sourcecode.swift; path = ViewController.swift; sourceTree = "<group>"; };
		2EA18A2E24ADB65300BFF2AD /* Base */ = {isa = PBXFileReference; lastKnownFileType = file.storyboard; name = Base; path = Base.lproj/Main.storyboard; sourceTree = "<group>"; };
		2EA18A3024ADB65400BFF2AD /* Assets.xcassets */ = {isa = PBXFileReference; lastKnownFileType = folder.assetcatalog; path = Assets.xcassets; sourceTree = "<group>"; };
		2EA18A3324ADB65400BFF2AD /* Base */ = {isa = PBXFileReference; lastKnownFileType = file.storyboard; name = Base; path = Base.lproj/LaunchScreen.storyboard; sourceTree = "<group>"; };
		2EA18A3524ADB65400BFF2AD /* Info.plist */ = {isa = PBXFileReference; lastKnownFileType = text.plist.xml; path = Info.plist; sourceTree = "<group>"; };
		3FCD4CB616ED03D60C8C3EE2 /* Pods-TableviewSample.release.xcconfig */ = {isa = PBXFileReference; includeInIndex = 1; lastKnownFileType = text.xcconfig; name = "Pods-TableviewSample.release.xcconfig"; path = "Target Support Files/Pods-TableviewSample/Pods-TableviewSample.release.xcconfig"; sourceTree = "<group>"; };
		A53B9A9C0AE0E26A3F6D6102 /* Pods_TableviewSample.framework */ = {isa = PBXFileReference; explicitFileType = wrapper.framework; includeInIndex = 0; path = Pods_TableviewSample.framework; sourceTree = BUILT_PRODUCTS_DIR; };
		A64A4551D33D0599FC5C61E4 /* Pods-TableviewSample.debug.xcconfig */ = {isa = PBXFileReference; includeInIndex = 1; lastKnownFileType = text.xcconfig; name = "Pods-TableviewSample.debug.xcconfig"; path = "Target Support Files/Pods-TableviewSample/Pods-TableviewSample.debug.xcconfig"; sourceTree = "<group>"; };
/* End PBXFileReference section */

/* Begin PBXFrameworksBuildPhase section */
		2EA18A2124ADB65300BFF2AD /* Frameworks */ = {
			isa = PBXFrameworksBuildPhase;
			buildActionMask = 2147483647;
			files = (
				98CCFB16E9F760FC017E5772 /* Pods_TableviewSample.framework in Frameworks */,
			);
			runOnlyForDeploymentPostprocessing = 0;
		};
/* End PBXFrameworksBuildPhase section */

/* Begin PBXGroup section */
		2EA18A1B24ADB65300BFF2AD = {
			isa = PBXGroup;
			children = (
				2EA18A2624ADB65300BFF2AD /* TableviewSample */,
				2EA18A2524ADB65300BFF2AD /* Products */,
				76C932934DCC753C0845DF7F /* Pods */,
				E3133BDA0940EE182D3627B3 /* Frameworks */,
			);
			sourceTree = "<group>";
		};
		2EA18A2524ADB65300BFF2AD /* Products */ = {
			isa = PBXGroup;
			children = (
				2EA18A2424ADB65300BFF2AD /* TableviewSample.app */,
			);
			name = Products;
			sourceTree = "<group>";
		};
		2EA18A2624ADB65300BFF2AD /* TableviewSample */ = {
			isa = PBXGroup;
			children = (
				2EA18A2724ADB65300BFF2AD /* AppDelegate.swift */,
				2EA18A2924ADB65300BFF2AD /* SceneDelegate.swift */,
				2EA18A2B24ADB65300BFF2AD /* ViewController.swift */,
				2EA18A2D24ADB65300BFF2AD /* Main.storyboard */,
				2EA18A3024ADB65400BFF2AD /* Assets.xcassets */,
				2EA18A3224ADB65400BFF2AD /* LaunchScreen.storyboard */,
				2EA18A3524ADB65400BFF2AD /* Info.plist */,
			);
			path = TableviewSample;
			sourceTree = "<group>";
		};
		76C932934DCC753C0845DF7F /* Pods */ = {
			isa = PBXGroup;
			children = (
				A64A4551D33D0599FC5C61E4 /* Pods-TableviewSample.debug.xcconfig */,
				3FCD4CB616ED03D60C8C3EE2 /* Pods-TableviewSample.release.xcconfig */,
			);
			name = Pods;
			path = Pods;
			sourceTree = "<group>";
		};
		E3133BDA0940EE182D3627B3 /* Frameworks */ = {
			isa = PBXGroup;
			children = (
				A53B9A9C0AE0E26A3F6D6102 /* Pods_TableviewSample.framework */,
			);
			name = Frameworks;
			sourceTree = "<group>";
		};
/* End PBXGroup section */

/* Begin PBXNativeTarget section */
		2EA18A2324ADB65300BFF2AD /* TableviewSample */ = {
			isa = PBXNativeTarget;
			buildConfigurationList = 2EA18A3824ADB65400BFF2AD /* Build configuration list for PBXNativeTarget "TableviewSample" */;
			buildPhases = (
				402ABF8F8835F9C36BCDC9A2 /* [CP] Check Pods Manifest.lock */,
				2EA18A2024ADB65300BFF2AD /* Sources */,
				2EA18A2124ADB65300BFF2AD /* Frameworks */,
				2EA18A2224ADB65300BFF2AD /* Resources */,
				76786B72FEFF2D25C8E628D3 /* [CP] Embed Pods Frameworks */,
			);
			buildRules = (
			);
			dependencies = (
			);
			name = TableviewSample;
			productName = TableviewSample;
			productReference = 2EA18A2424ADB65300BFF2AD /* TableviewSample.app */;
			productType = "com.apple.product-type.application";
		};
/* End PBXNativeTarget section */

/* Begin PBXProject section */
		2EA18A1C24ADB65300BFF2AD /* Project object */ = {
			isa = PBXProject;
			attributes = {
				LastSwiftUpdateCheck = 1150;
				LastUpgradeCheck = 1150;
				ORGANIZATIONNAME = Maochun;
				TargetAttributes = {
					2EA18A2324ADB65300BFF2AD = {
						CreatedOnToolsVersion = 11.5;
					};
				};
			};
			buildConfigurationList = 2EA18A1F24ADB65300BFF2AD /* Build configuration list for PBXProject "TableviewSample" */;
			compatibilityVersion = "Xcode 9.3";
			developmentRegion = en;
			hasScannedForEncodings = 0;
			knownRegions = (
				en,
				Base,
			);
			mainGroup = 2EA18A1B24ADB65300BFF2AD;
			productRefGroup = 2EA18A2524ADB65300BFF2AD /* Products */;
			projectDirPath = "";
			projectRoot = "";
			targets = (
				2EA18A2324ADB65300BFF2AD /* TableviewSample */,
			);
		};
/* End PBXProject section */

/* Begin PBXResourcesBuildPhase section */
		2EA18A2224ADB65300BFF2AD /* Resources */ = {
			isa = PBXResourcesBuildPhase;
			buildActionMask = 2147483647;
			files = (
				2EA18A3424ADB65400BFF2AD /* LaunchScreen.storyboard in Resources */,
				2EA18A3124ADB65400BFF2AD /* Assets.xcassets in Resources */,
				2EA18A2F24ADB65300BFF2AD /* Main.storyboard in Resources */,
			);
			runOnlyForDeploymentPostprocessing = 0;
		};
/* End PBXResourcesBuildPhase section */

/* Begin PBXShellScriptBuildPhase section */
		402ABF8F8835F9C36BCDC9A2 /* [CP] Check Pods Manifest.lock */ = {
			isa = PBXShellScriptBuildPhase;
			buildActionMask = 2147483647;
			files = (
			);
			inputFileListPaths = (
			);
			inputPaths = (
				"${PODS_PODFILE_DIR_PATH}/Podfile.lock",
				"${PODS_ROOT}/Manifest.lock",
			);
			name = "[CP] Check Pods Manifest.lock";
			outputFileListPaths = (
			);
			outputPaths = (
				"$(DERIVED_FILE_DIR)/Pods-TableviewSample-checkManifestLockResult.txt",
			);
			runOnlyForDeploymentPostprocessing = 0;
			shellPath = /bin/sh;
			shellScript = "diff \"${PODS_PODFILE_DIR_PATH}/Podfile.lock\" \"${PODS_ROOT}/Manifest.lock\" > /dev/null\nif [ $? != 0 ] ; then\n    # print error to STDERR\n    echo \"error: The sandbox is not in sync with the Podfile.lock. Run 'pod install' or update your CocoaPods installation.\" >&2\n    exit 1\nfi\n# This output is used by Xcode 'outputs' to avoid re-running this script phase.\necho \"SUCCESS\" > \"${SCRIPT_OUTPUT_FILE_0}\"\n";
			showEnvVarsInLog = 0;
		};
		76786B72FEFF2D25C8E628D3 /* [CP] Embed Pods Frameworks */ = {
			isa = PBXShellScriptBuildPhase;
			buildActionMask = 2147483647;
			files = (
			);
			inputFileListPaths = (
				"${PODS_ROOT}/Target Support Files/Pods-TableviewSample/Pods-TableviewSample-frameworks-${CONFIGURATION}-input-files.xcfilelist",
			);
			name = "[CP] Embed Pods Frameworks";
			outputFileListPaths = (
				"${PODS_ROOT}/Target Support Files/Pods-TableviewSample/Pods-TableviewSample-frameworks-${CONFIGURATION}-output-files.xcfilelist",
			);
			runOnlyForDeploymentPostprocessing = 0;
			shellPath = /bin/sh;
			shellScript = "\"${PODS_ROOT}/Target Support Files/Pods-TableviewSample/Pods-TableviewSample-frameworks.sh\"\n";
			showEnvVarsInLog = 0;
		};
/* End PBXShellScriptBuildPhase section */

/* Begin PBXSourcesBuildPhase section */
		2EA18A2024ADB65300BFF2AD /* Sources */ = {
			isa = PBXSourcesBuildPhase;
			buildActionMask = 2147483647;
			files = (
				2EA18A2C24ADB65300BFF2AD /* ViewController.swift in Sources */,
				2EA18A2824ADB65300BFF2AD /* AppDelegate.swift in Sources */,
				2EA18A2A24ADB65300BFF2AD /* SceneDelegate.swift in Sources */,
			);
			runOnlyForDeploymentPostprocessing = 0;
		};
/* End PBXSourcesBuildPhase section */

/* Begin PBXVariantGroup section */
		2EA18A2D24ADB65300BFF2AD /* Main.storyboard */ = {
			isa = PBXVariantGroup;
			children = (
				2EA18A2E24ADB65300BFF2AD /* Base */,
			);
			name = Main.storyboard;
			sourceTree = "<group>";
		};
		2EA18A3224ADB65400BFF2AD /* LaunchScreen.storyboard */ = {
			isa = PBXVariantGroup;
			children = (
				2EA18A3324ADB65400BFF2AD /* Base */,
			);
			name = LaunchScreen.storyboard;
			sourceTree = "<group>";
		};
/* End PBXVariantGroup section */

/* Begin XCBuildConfiguration section */
		2EA18A3624ADB65400BFF2AD /* Debug */ = {
			isa = XCBuildConfiguration;
			buildSettings = {
				ALWAYS_SEARCH_USER_PATHS = NO;
				CLANG_ANALYZER_NONNULL = YES;
				CLANG_ANALYZER_NUMBER_OBJECT_CONVERSION = YES_AGGRESSIVE;
				CLANG_CXX_LANGUAGE_STANDARD = "gnu++14";
				CLANG_CXX_LIBRARY = "libc++";
				CLANG_ENABLE_MODULES = YES;
				CLANG_ENABLE_OBJC_ARC = YES;
				CLANG_ENABLE_OBJC_WEAK = YES;
				CLANG_WARN_BLOCK_CAPTURE_AUTORELEASING = YES;
				CLANG_WARN_BOOL_CONVERSION = YES;
				CLANG_WARN_COMMA = YES;
				CLANG_WARN_CONSTANT_CONVERSION = YES;
				CLANG_WARN_DEPRECATED_OBJC_IMPLEMENTATIONS = YES;
				CLANG_WARN_DIRECT_OBJC_ISA_USAGE = YES_ERROR;
				CLANG_WARN_DOCUMENTATION_COMMENTS = YES;
				CLANG_WARN_EMPTY_BODY = YES;
				CLANG_WARN_ENUM_CONVERSION = YES;
				CLANG_WARN_INFINITE_RECURSION = YES;
				CLANG_WARN_INT_CONVERSION = YES;
				CLANG_WARN_NON_LITERAL_NULL_CONVERSION = YES;
				CLANG_WARN_OBJC_IMPLICIT_RETAIN_SELF = YES;
				CLANG_WARN_OBJC_LITERAL_CONVERSION = YES;
				CLANG_WARN_OBJC_ROOT_CLASS = YES_ERROR;
				CLANG_WARN_RANGE_LOOP_ANALYSIS = YES;
				CLANG_WARN_STRICT_PROTOTYPES = YES;
				CLANG_WARN_SUSPICIOUS_MOVE = YES;
				CLANG_WARN_UNGUARDED_AVAILABILITY = YES_AGGRESSIVE;
				CLANG_WARN_UNREACHABLE_CODE = YES;
				CLANG_WARN__DUPLICATE_METHOD_MATCH = YES;
				COPY_PHASE_STRIP = NO;
				DEBUG_INFORMATION_FORMAT = dwarf;
				ENABLE_STRICT_OBJC_MSGSEND = YES;
				ENABLE_TESTABILITY = YES;
				GCC_C_LANGUAGE_STANDARD = gnu11;
				GCC_DYNAMIC_NO_PIC = NO;
				GCC_NO_COMMON_BLOCKS = YES;
				GCC_OPTIMIZATION_LEVEL = 0;
				GCC_PREPROCESSOR_DEFINITIONS = (
					"DEBUG=1",
					"$(inherited)",
				);
				GCC_WARN_64_TO_32_BIT_CONVERSION = YES;
				GCC_WARN_ABOUT_RETURN_TYPE = YES_ERROR;
				GCC_WARN_UNDECLARED_SELECTOR = YES;
				GCC_WARN_UNINITIALIZED_AUTOS = YES_AGGRESSIVE;
				GCC_WARN_UNUSED_FUNCTION = YES;
				GCC_WARN_UNUSED_VARIABLE = YES;
				IPHONEOS_DEPLOYMENT_TARGET = 13.5;
				MTL_ENABLE_DEBUG_INFO = INCLUDE_SOURCE;
				MTL_FAST_MATH = YES;
				ONLY_ACTIVE_ARCH = YES;
				SDKROOT = iphoneos;
				SWIFT_ACTIVE_COMPILATION_CONDITIONS = DEBUG;
				SWIFT_OPTIMIZATION_LEVEL = "-Onone";
			};
			name = Debug;
		};
		2EA18A3724ADB65400BFF2AD /* Release */ = {
			isa = XCBuildConfiguration;
			buildSettings = {
				ALWAYS_SEARCH_USER_PATHS = NO;
				CLANG_ANALYZER_NONNULL = YES;
				CLANG_ANALYZER_NUMBER_OBJECT_CONVERSION = YES_AGGRESSIVE;
				CLANG_CXX_LANGUAGE_STANDARD = "gnu++14";
				CLANG_CXX_LIBRARY = "libc++";
				CLANG_ENABLE_MODULES = YES;
				CLANG_ENABLE_OBJC_ARC = YES;
				CLANG_ENABLE_OBJC_WEAK = YES;
				CLANG_WARN_BLOCK_CAPTURE_AUTORELEASING = YES;
				CLANG_WARN_BOOL_CONVERSION = YES;
				CLANG_WARN_COMMA = YES;
				CLANG_WARN_CONSTANT_CONVERSION = YES;
				CLANG_WARN_DEPRECATED_OBJC_IMPLEMENTATIONS = YES;
				CLANG_WARN_DIRECT_OBJC_ISA_USAGE = YES_ERROR;
				CLANG_WARN_DOCUMENTATION_COMMENTS = YES;
				CLANG_WARN_EMPTY_BODY = YES;
				CLANG_WARN_ENUM_CONVERSION = YES;
				CLANG_WARN_INFINITE_RECURSION = YES;
				CLANG_WARN_INT_CONVERSION = YES;
				CLANG_WARN_NON_LITERAL_NULL_CONVERSION = YES;
				CLANG_WARN_OBJC_IMPLICIT_RETAIN_SELF = YES;
				CLANG_WARN_OBJC_LITERAL_CONVERSION = YES;
				CLANG_WARN_OBJC_ROOT_CLASS = YES_ERROR;
				CLANG_WARN_RANGE_LOOP_ANALYSIS = YES;
				CLANG_WARN_STRICT_PROTOTYPES = YES;
				CLANG_WARN_SUSPICIOUS_MOVE = YES;
				CLANG_WARN_UNGUARDED_AVAILABILITY = YES_AGGRESSIVE;
				CLANG_WARN_UNREACHABLE_CODE = YES;
				CLANG_WARN__DUPLICATE_METHOD_MATCH = YES;
				COPY_PHASE_STRIP = NO;
				DEBUG_INFORMATION_FORMAT = "dwarf-with-dsym";
				ENABLE_NS_ASSERTIONS = NO;
				ENABLE_STRICT_OBJC_MSGSEND = YES;
				GCC_C_LANGUAGE_STANDARD = gnu11;
				GCC_NO_COMMON_BLOCKS = YES;
				GCC_WARN_64_TO_32_BIT_CONVERSION = YES;
				GCC_WARN_ABOUT_RETURN_TYPE = YES_ERROR;
				GCC_WARN_UNDECLARED_SELECTOR = YES;
				GCC_WARN_UNINITIALIZED_AUTOS = YES_AGGRESSIVE;
				GCC_WARN_UNUSED_FUNCTION = YES;
				GCC_WARN_UNUSED_VARIABLE = YES;
				IPHONEOS_DEPLOYMENT_TARGET = 13.5;
				MTL_ENABLE_DEBUG_INFO = NO;
				MTL_FAST_MATH = YES;
				SDKROOT = iphoneos;
				SWIFT_COMPILATION_MODE = wholemodule;
				SWIFT_OPTIMIZATION_LEVEL = "-O";
				VALIDATE_PRODUCT = YES;
			};
			name = Release;
		};
		2EA18A3924ADB65400BFF2AD /* Debug */ = {
			isa = XCBuildConfiguration;
			baseConfigurationReference = A64A4551D33D0599FC5C61E4 /* Pods-TableviewSample.debug.xcconfig */;
			buildSettings = {
				ASSETCATALOG_COMPILER_APPICON_NAME = AppIcon;
				CODE_SIGN_STYLE = Automatic;
				DEVELOPMENT_TEAM = RQXFK5449U;
				INFOPLIST_FILE = TableviewSample/Info.plist;
				LD_RUNPATH_SEARCH_PATHS = (
					"$(inherited)",
					"@executable_path/Frameworks",
				);
				PRODUCT_BUNDLE_IDENTIFIER = com.maochun.TableviewSample;
				PRODUCT_NAME = "$(TARGET_NAME)";
				SWIFT_VERSION = 5.0;
				TARGETED_DEVICE_FAMILY = "1,2";
			};
			name = Debug;
		};
		2EA18A3A24ADB65400BFF2AD /* Release */ = {
			isa = XCBuildConfiguration;
			baseConfigurationReference = 3FCD4CB616ED03D60C8C3EE2 /* Pods-TableviewSample.release.xcconfig */;
			buildSettings = {
				ASSETCATALOG_COMPILER_APPICON_NAME = AppIcon;
				CODE_SIGN_STYLE = Automatic;
				DEVELOPMENT_TEAM = RQXFK5449U;
				INFOPLIST_FILE = TableviewSample/Info.plist;
				LD_RUNPATH_SEARCH_PATHS = (
					"$(inherited)",
					"@executable_path/Frameworks",
				);
				PRODUCT_BUNDLE_IDENTIFIER = com.maochun.TableviewSample;
				PRODUCT_NAME = "$(TARGET_NAME)";
				SWIFT_VERSION = 5.0;
				TARGETED_DEVICE_FAMILY = "1,2";
			};
			name = Release;
		};
/* End XCBuildConfiguration section */

/* Begin XCConfigurationList section */
		2EA18A1F24ADB65300BFF2AD /* Build configuration list for PBXProject "TableviewSample" */ = {
			isa = XCConfigurationList;
			buildConfigurations = (
				2EA18A3624ADB65400BFF2AD /* Debug */,
				2EA18A3724ADB65400BFF2AD /* Release */,
			);
			defaultConfigurationIsVisible = 0;
			defaultConfigurationName = Release;
		};
		2EA18A3824ADB65400BFF2AD /* Build configuration list for PBXNativeTarget "TableviewSample" */ = {
			isa = XCConfigurationList;
			buildConfigurations = (
				2EA18A3924ADB65400BFF2AD /* Debug */,
				2EA18A3A24ADB65400BFF2AD /* Release */,
			);
			defaultConfigurationIsVisible = 0;
			defaultConfigurationName = Release;
		};
/* End XCConfigurationList section */
	};
	rootObject = 2EA18A1C24ADB65300BFF2AD /* Project object */;
}
